
Microsoft Visual Studio Solution File, Format Version 12.00
# Visual Studio 15
VisualStudioVersion = 15.0.28307.438
MinimumVisualStudioVersion = 10.0.40219.1
Project("{FAE04EC0-301F-11D3-BF4B-00C04F79EFBC}") = "01-ByteBank", "01-ByteBank\01-ByteBank.csproj", "{EEC8F31B-DF35-4A85-8AB7-0065669A0DF0}"
EndProject
Project("{FAE04EC0-301F-11D3-BF4B-00C04F79EFBC}") = "02-ByteBank", "02-ByteBank\02-ByteBank.csproj", "{9A64F369-F4DE-46E3-BA9D-A1469FF17B2B}"
EndProject
Project("{FAE04EC0-301F-11D3-BF4B-00C04F79EFBC}") = "03-ByteBank", "03-ByteBank\03-ByteBank.csproj", "{E3AACC05-C253-44D8-9C86-E49FDCEE679C}"
EndProject
Project("{FAE04EC0-301F-11D3-BF4B-00C04F79EFBC}") = "04-ByteBank", "04-ByteBank\04-ByteBank.csproj", "{513C4998-FE69-4E91-926C-7C0757C770F7}"
EndProject
Project("{FAE04EC0-301F-11D3-BF4B-00C04F79EFBC}") = "05-ByteBank", "05-ByteBank\05-ByteBank.csproj", "{79041B76-E61B-46A8-AD18-406C7548D611}"
EndProject
Project("{FAE04EC0-301F-11D3-BF4B-00C04F79EFBC}") = "06-ByteBank", "06-ByteBank\06-ByteBank.csproj", "{73595459-7AA2-480E-8C2E-ECB0064E7FEF}"
EndProject
Project("{FAE04EC0-301F-11D3-BF4B-00C04F79EFBC}") = "07-ByteBank", "07-ByteBank\07-ByteBank.csproj", "{1C37B68D-D93F-4E60-9696-EA7AA6ACD2FE}"
EndProject
Project("{FAE04EC0-301F-11D3-BF4B-00C04F79EFBC}") = "ByteBank", "ByteBank\ByteBank.csproj", "{D26D6C64-134C-496A-A256-ACA8F3698CF2}"
EndProject
Project("{2150E333-8FDC-42A3-9474-1A3956D46DE8}") = "ByteBankEncapsulado", "ByteBankEncapsulado", "{9E2DBC0A-5644-41C3-A9EA-90422B66E931}"
EndProject
Global
	GlobalSection(SolutionConfigurationPlatforms) = preSolution
		Debug|Any CPU = Debug|Any CPU
		Release|Any CPU = Release|Any CPU
	EndGlobalSection
	GlobalSection(ProjectConfigurationPlatforms) = postSolution
		{EEC8F31B-DF35-4A85-8AB7-0065669A0DF0}.Debug|Any CPU.ActiveCfg = Debug|Any CPU
		{EEC8F31B-DF35-4A85-8AB7-0065669A0DF0}.Debug|Any CPU.Build.0 = Debug|Any CPU
		{EEC8F31B-DF35-4A85-8AB7-0065669A0DF0}.Release|Any CPU.ActiveCfg = Release|Any CPU
		{EEC8F31B-DF35-4A85-8AB7-0065669A0DF0}.Release|Any CPU.Build.0 = Release|Any CPU
		{9A64F369-F4DE-46E3-BA9D-A1469FF17B2B}.Debug|Any CPU.ActiveCfg = Debug|Any CPU
		{9A64F369-F4DE-46E3-BA9D-A1469FF17B2B}.Debug|Any CPU.Build.0 = Debug|Any CPU
		{9A64F369-F4DE-46E3-BA9D-A1469FF17B2B}.Release|Any CPU.ActiveCfg = Release|Any CPU
		{9A64F369-F4DE-46E3-BA9D-A1469FF17B2B}.Release|Any CPU.Build.0 = Release|Any CPU
		{E3AACC05-C253-44D8-9C86-E49FDCEE679C}.Debug|Any CPU.ActiveCfg = Debug|Any CPU
		{E3AACC05-C253-44D8-9C86-E49FDCEE679C}.Debug|Any CPU.Build.0 = Debug|Any CPU
		{E3AACC05-C253-44D8-9C86-E49FDCEE679C}.Release|Any CPU.ActiveCfg = Release|Any CPU
		{E3AACC05-C253-44D8-9C86-E49FDCEE679C}.Release|Any CPU.Build.0 = Release|Any CPU
		{513C4998-FE69-4E91-926C-7C0757C770F7}.Debug|Any CPU.ActiveCfg = Debug|Any CPU
		{513C4998-FE69-4E91-926C-7C0757C770F7}.Debug|Any CPU.Build.0 = Debug|Any CPU
		{513C4998-FE69-4E91-926C-7C0757C770F7}.Release|Any CPU.ActiveCfg = Release|Any CPU
		{513C4998-FE69-4E91-926C-7C0757C770F7}.Release|Any CPU.Build.0 = Release|Any CPU
		{79041B76-E61B-46A8-AD18-406C7548D611}.Debug|Any CPU.ActiveCfg = Debug|Any CPU
		{79041B76-E61B-46A8-AD18-406C7548D611}.Debug|Any CPU.Build.0 = Debug|Any CPU
		{79041B76-E61B-46A8-AD18-406C7548D611}.Release|Any CPU.ActiveCfg = Release|Any CPU
		{79041B76-E61B-46A8-AD18-406C7548D611}.Release|Any CPU.Build.0 = Release|Any CPU
		{73595459-7AA2-480E-8C2E-ECB0064E7FEF}.Debug|Any CPU.ActiveCfg = Debug|Any CPU
		{73595459-7AA2-480E-8C2E-ECB0064E7FEF}.Debug|Any CPU.Build.0 = Debug|Any CPU
		{73595459-7AA2-480E-8C2E-ECB0064E7FEF}.Release|Any CPU.ActiveCfg = Release|Any CPU
		{73595459-7AA2-480E-8C2E-ECB0064E7FEF}.Release|Any CPU.Build.0 = Release|Any CPU
		{1C37B68D-D93F-4E60-9696-EA7AA6ACD2FE}.Debug|Any CPU.ActiveCfg = Debug|Any CPU
		{1C37B68D-D93F-4E60-9696-EA7AA6ACD2FE}.Debug|Any CPU.Build.0 = Debug|Any CPU
		{1C37B68D-D93F-4E60-9696-EA7AA6ACD2FE}.Release|Any CPU.ActiveCfg = Release|Any CPU
		{1C37B68D-D93F-4E60-9696-EA7AA6ACD2FE}.Release|Any CPU.Build.0 = Release|Any CPU
		{D26D6C64-134C-496A-A256-ACA8F3698CF2}.Debug|Any CPU.ActiveCfg = Debug|Any CPU
		{D26D6C64-134C-496A-A256-ACA8F3698CF2}.Debug|Any CPU.Build.0 = Debug|Any CPU
		{D26D6C64-134C-496A-A256-ACA8F3698CF2}.Release|Any CPU.ActiveCfg = Release|Any CPU
		{D26D6C64-134C-496A-A256-ACA8F3698CF2}.Release|Any CPU.Build.0 = Release|Any CPU
	EndGlobalSection
	GlobalSection(SolutionProperties) = preSolution
		HideSolutionNode = FALSE
	EndGlobalSection
	GlobalSection(NestedProjects) = preSolution
		{EEC8F31B-DF35-4A85-8AB7-0065669A0DF0} = {9E2DBC0A-5644-41C3-A9EA-90422B66E931}
		{9A64F369-F4DE-46E3-BA9D-A1469FF17B2B} = {9E2DBC0A-5644-41C3-A9EA-90422B66E931}
		{E3AACC05-C253-44D8-9C86-E49FDCEE679C} = {9E2DBC0A-5644-41C3-A9EA-90422B66E931}
		{513C4998-FE69-4E91-926C-7C0757C770F7} = {9E2DBC0A-5644-41C3-A9EA-90422B66E931}
		{79041B76-E61B-46A8-AD18-406C7548D611} = {9E2DBC0A-5644-41C3-A9EA-90422B66E931}
		{73595459-7AA2-480E-8C2E-ECB0064E7FEF} = {9E2DBC0A-5644-41C3-A9EA-90422B66E931}
		{1C37B68D-D93F-4E60-9696-EA7AA6ACD2FE} = {9E2DBC0A-5644-41C3-A9EA-90422B66E931}
	EndGlobalSection
	GlobalSection(ExtensibilityGlobals) = postSolution
		SolutionGuid = {15FF90C1-0E0E-47FB-BF69-64841532D438}
	EndGlobalSection
EndGlobal
